// !$*UTF8*$!
{
	archiveVersion = 1;
	classes = {
	};
	objectVersion = 55;
	objects = {

/* Begin PBXBuildFile section */
		858C114C289A29320009A360 /* AppDelegate.swift in Sources */ = {isa = PBXBuildFile; fileRef = 858C114B289A29320009A360 /* AppDelegate.swift */; };
		858C114E289A29320009A360 /* SceneDelegate.swift in Sources */ = {isa = PBXBuildFile; fileRef = 858C114D289A29320009A360 /* SceneDelegate.swift */; };
		858C1150289A29320009A360 /* ViewController.swift in Sources */ = {isa = PBXBuildFile; fileRef = 858C114F289A29320009A360 /* ViewController.swift */; };
		858C1153289A29320009A360 /* Main.storyboard in Resources */ = {isa = PBXBuildFile; fileRef = 858C1151289A29320009A360 /* Main.storyboard */; };
		858C1155289A29340009A360 /* Assets.xcassets in Resources */ = {isa = PBXBuildFile; fileRef = 858C1154289A29340009A360 /* Assets.xcassets */; };
		858C1158289A29340009A360 /* LaunchScreen.storyboard in Resources */ = {isa = PBXBuildFile; fileRef = 858C1156289A29340009A360 /* LaunchScreen.storyboard */; };
		858C1163289A29340009A360 /* TechMonTests.swift in Sources */ = {isa = PBXBuildFile; fileRef = 858C1162289A29340009A360 /* TechMonTests.swift */; };
		858C116D289A29350009A360 /* TechMonUITests.swift in Sources */ = {isa = PBXBuildFile; fileRef = 858C116C289A29350009A360 /* TechMonUITests.swift */; };
		858C116F289A29350009A360 /* TechMonUITestsLaunchTests.swift in Sources */ = {isa = PBXBuildFile; fileRef = 858C116E289A29350009A360 /* TechMonUITestsLaunchTests.swift */; };
		858C1191289A29980009A360 /* lobby.png in Resources */ = {isa = PBXBuildFile; fileRef = 858C117D289A29980009A360 /* lobby.png */; };
		858C1192289A29980009A360 /* battlebg.png in Resources */ = {isa = PBXBuildFile; fileRef = 858C117E289A29980009A360 /* battlebg.png */; };
		858C1193289A29980009A360 /* bgimage.jpg in Resources */ = {isa = PBXBuildFile; fileRef = 858C117F289A29980009A360 /* bgimage.jpg */; };
		858C1194289A29980009A360 /* waku.png in Resources */ = {isa = PBXBuildFile; fileRef = 858C1180289A29980009A360 /* waku.png */; };
		858C1195289A29980009A360 /* gold_button.png in Resources */ = {isa = PBXBuildFile; fileRef = 858C1181289A29980009A360 /* gold_button.png */; };
		858C1196289A29980009A360 /* yusya.png in Resources */ = {isa = PBXBuildFile; fileRef = 858C1182289A29980009A360 /* yusya.png */; };
		858C1197289A29980009A360 /* monster.png in Resources */ = {isa = PBXBuildFile; fileRef = 858C1183289A29980009A360 /* monster.png */; };
		858C1198289A29980009A360 /* TechMonManager.swift in Sources */ = {isa = PBXBuildFile; fileRef = 858C1185289A29980009A360 /* TechMonManager.swift */; };
		858C1199289A29980009A360 /* Character.swift in Sources */ = {isa = PBXBuildFile; fileRef = 858C1186289A29980009A360 /* Character.swift */; };
		858C119A289A29980009A360 /* SE_fanfare.mp3 in Resources */ = {isa = PBXBuildFile; fileRef = 858C1188289A29980009A360 /* SE_fanfare.mp3 */; };
		858C119B289A29980009A360 /* BGM_battle001.mp3 in Resources */ = {isa = PBXBuildFile; fileRef = 858C1189289A29980009A360 /* BGM_battle001.mp3 */; };
		858C119C289A29980009A360 /* SE_fire.mp3 in Resources */ = {isa = PBXBuildFile; fileRef = 858C118A289A29980009A360 /* SE_fire.mp3 */; };
		858C119D289A29980009A360 /* SE_attack.mp3 in Resources */ = {isa = PBXBuildFile; fileRef = 858C118B289A29980009A360 /* SE_attack.mp3 */; };
		858C119E289A29980009A360 /* SE_gameover.mp3 in Resources */ = {isa = PBXBuildFile; fileRef = 858C118C289A29980009A360 /* SE_gameover.mp3 */; };
		858C119F289A29980009A360 /* SE_charge.mp3 in Resources */ = {isa = PBXBuildFile; fileRef = 858C118D289A29980009A360 /* SE_charge.mp3 */; };
		858C11A0289A29980009A360 /* lobby.mp3 in Resources */ = {isa = PBXBuildFile; fileRef = 858C118E289A29980009A360 /* lobby.mp3 */; };
		858C11A1289A29980009A360 /* misaki_gothic.ttf in Resources */ = {isa = PBXBuildFile; fileRef = 858C1190289A29980009A360 /* misaki_gothic.ttf */; };
		858C11A3289D0BC60009A360 /* LobbyViewController.swift in Sources */ = {isa = PBXBuildFile; fileRef = 858C11A2289D0BC60009A360 /* LobbyViewController.swift */; };
		858C11A5289D0CBD0009A360 /* BattleViewController.swift in Sources */ = {isa = PBXBuildFile; fileRef = 858C11A4289D0CBD0009A360 /* BattleViewController.swift */; };
		858C11D128A212500009A360 /* ViewController.swift in Sources */ = {isa = PBXBuildFile; fileRef = 858C11A828A2124F0009A360 /* ViewController.swift */; };
		858C11D228A212500009A360 /* Assets.xcassets in Resources */ = {isa = PBXBuildFile; fileRef = 858C11A928A2124F0009A360 /* Assets.xcassets */; };
		858C11D328A212500009A360 /* LobbyViewController.swift in Sources */ = {isa = PBXBuildFile; fileRef = 858C11AA28A2124F0009A360 /* LobbyViewController.swift */; };
		858C11D428A212500009A360 /* LaunchScreen.storyboard in Resources */ = {isa = PBXBuildFile; fileRef = 858C11AB28A2124F0009A360 /* LaunchScreen.storyboard */; };
		858C11D528A212500009A360 /* Main.storyboard in Resources */ = {isa = PBXBuildFile; fileRef = 858C11AD28A2124F0009A360 /* Main.storyboard */; };
		858C11D628A212500009A360 /* lobby.png in Resources */ = {isa = PBXBuildFile; fileRef = 858C11B128A2124F0009A360 /* lobby.png */; };
		858C11D728A212500009A360 /* battlebg.png in Resources */ = {isa = PBXBuildFile; fileRef = 858C11B228A2124F0009A360 /* battlebg.png */; };
		858C11D828A212500009A360 /* bgimage.jpg in Resources */ = {isa = PBXBuildFile; fileRef = 858C11B328A2124F0009A360 /* bgimage.jpg */; };
		858C11D928A212500009A360 /* waku.png in Resources */ = {isa = PBXBuildFile; fileRef = 858C11B428A2124F0009A360 /* waku.png */; };
		858C11DA28A212500009A360 /* gold_button.png in Resources */ = {isa = PBXBuildFile; fileRef = 858C11B528A2124F0009A360 /* gold_button.png */; };
		858C11DB28A212500009A360 /* yusya.png in Resources */ = {isa = PBXBuildFile; fileRef = 858C11B628A2124F0009A360 /* yusya.png */; };
		858C11DC28A212500009A360 /* monster.png in Resources */ = {isa = PBXBuildFile; fileRef = 858C11B728A2124F0009A360 /* monster.png */; };
		858C11DD28A212500009A360 /* TechMonManager.swift in Sources */ = {isa = PBXBuildFile; fileRef = 858C11B928A2124F0009A360 /* TechMonManager.swift */; };
		858C11DE28A212500009A360 /* Character.swift in Sources */ = {isa = PBXBuildFile; fileRef = 858C11BA28A2124F0009A360 /* Character.swift */; };
		858C11DF28A212500009A360 /* SE_fanfare.mp3 in Resources */ = {isa = PBXBuildFile; fileRef = 858C11BC28A2124F0009A360 /* SE_fanfare.mp3 */; };
		858C11E028A212500009A360 /* BGM_battle001.mp3 in Resources */ = {isa = PBXBuildFile; fileRef = 858C11BD28A2124F0009A360 /* BGM_battle001.mp3 */; };
		858C11E128A212500009A360 /* SE_fire.mp3 in Resources */ = {isa = PBXBuildFile; fileRef = 858C11BE28A2124F0009A360 /* SE_fire.mp3 */; };
		858C11E228A212500009A360 /* SE_attack.mp3 in Resources */ = {isa = PBXBuildFile; fileRef = 858C11BF28A2124F0009A360 /* SE_attack.mp3 */; };
		858C11E328A212500009A360 /* SE_gameover.mp3 in Resources */ = {isa = PBXBuildFile; fileRef = 858C11C028A2124F0009A360 /* SE_gameover.mp3 */; };
		858C11E428A212500009A360 /* SE_charge.mp3 in Resources */ = {isa = PBXBuildFile; fileRef = 858C11C128A2124F0009A360 /* SE_charge.mp3 */; };
		858C11E528A212500009A360 /* lobby.mp3 in Resources */ = {isa = PBXBuildFile; fileRef = 858C11C228A2124F0009A360 /* lobby.mp3 */; };
		858C11E628A212500009A360 /* misaki_gothic.ttf in Resources */ = {isa = PBXBuildFile; fileRef = 858C11C428A2124F0009A360 /* misaki_gothic.ttf */; };
		858C11E728A212500009A360 /* BattleViewController.swift in Sources */ = {isa = PBXBuildFile; fileRef = 858C11C528A2124F0009A360 /* BattleViewController.swift */; };
		858C11E828A212500009A360 /* AppDelegate.swift in Sources */ = {isa = PBXBuildFile; fileRef = 858C11C628A2124F0009A360 /* AppDelegate.swift */; };
		858C11E928A212500009A360 /* Info.plist in Resources */ = {isa = PBXBuildFile; fileRef = 858C11C728A2124F0009A360 /* Info.plist */; };
		858C11EA28A212500009A360 /* SceneDelegate.swift in Sources */ = {isa = PBXBuildFile; fileRef = 858C11C828A2124F0009A360 /* SceneDelegate.swift */; };
		858C11EB28A212500009A360 /* TechMonUITests.swift in Sources */ = {isa = PBXBuildFile; fileRef = 858C11CD28A2124F0009A360 /* TechMonUITests.swift */; };
		858C11EC28A212500009A360 /* TechMonUITestsLaunchTests.swift in Sources */ = {isa = PBXBuildFile; fileRef = 858C11CE28A2124F0009A360 /* TechMonUITestsLaunchTests.swift */; };
		858C11ED28A212500009A360 /* TechMonTests.swift in Sources */ = {isa = PBXBuildFile; fileRef = 858C11D028A2124F0009A360 /* TechMonTests.swift */; };
/* End PBXBuildFile section */

/* Begin PBXContainerItemProxy section */
		858C115F289A29340009A360 /* PBXContainerItemProxy */ = {
			isa = PBXContainerItemProxy;
			containerPortal = 858C1140289A29320009A360 /* Project object */;
			proxyType = 1;
			remoteGlobalIDString = 858C1147289A29320009A360;
			remoteInfo = TechMon;
		};
		858C1169289A29350009A360 /* PBXContainerItemProxy */ = {
			isa = PBXContainerItemProxy;
			containerPortal = 858C1140289A29320009A360 /* Project object */;
			proxyType = 1;
			remoteGlobalIDString = 858C1147289A29320009A360;
			remoteInfo = TechMon;
		};
/* End PBXContainerItemProxy section */

/* Begin PBXFileReference section */
		858C1148289A29320009A360 /* TechMon.app */ = {isa = PBXFileReference; explicitFileType = wrapper.application; includeInIndex = 0; path = TechMon.app; sourceTree = BUILT_PRODUCTS_DIR; };
		858C114B289A29320009A360 /* AppDelegate.swift */ = {isa = PBXFileReference; lastKnownFileType = sourcecode.swift; path = AppDelegate.swift; sourceTree = "<group>"; };
		858C114D289A29320009A360 /* SceneDelegate.swift */ = {isa = PBXFileReference; lastKnownFileType = sourcecode.swift; path = SceneDelegate.swift; sourceTree = "<group>"; };
		858C114F289A29320009A360 /* ViewController.swift */ = {isa = PBXFileReference; lastKnownFileType = sourcecode.swift; path = ViewController.swift; sourceTree = "<group>"; };
		858C1152289A29320009A360 /* Base */ = {isa = PBXFileReference; lastKnownFileType = file.storyboard; name = Base; path = Base.lproj/Main.storyboard; sourceTree = "<group>"; };
		858C1154289A29340009A360 /* Assets.xcassets */ = {isa = PBXFileReference; lastKnownFileType = folder.assetcatalog; path = Assets.xcassets; sourceTree = "<group>"; };
		858C1157289A29340009A360 /* Base */ = {isa = PBXFileReference; lastKnownFileType = file.storyboard; name = Base; path = Base.lproj/LaunchScreen.storyboard; sourceTree = "<group>"; };
		858C1159289A29340009A360 /* Info.plist */ = {isa = PBXFileReference; lastKnownFileType = text.plist.xml; path = Info.plist; sourceTree = "<group>"; };
		858C115E289A29340009A360 /* TechMonTests.xctest */ = {isa = PBXFileReference; explicitFileType = wrapper.cfbundle; includeInIndex = 0; path = TechMonTests.xctest; sourceTree = BUILT_PRODUCTS_DIR; };
		858C1162289A29340009A360 /* TechMonTests.swift */ = {isa = PBXFileReference; lastKnownFileType = sourcecode.swift; path = TechMonTests.swift; sourceTree = "<group>"; };
		858C1168289A29350009A360 /* TechMonUITests.xctest */ = {isa = PBXFileReference; explicitFileType = wrapper.cfbundle; includeInIndex = 0; path = TechMonUITests.xctest; sourceTree = BUILT_PRODUCTS_DIR; };
		858C116C289A29350009A360 /* TechMonUITests.swift */ = {isa = PBXFileReference; lastKnownFileType = sourcecode.swift; path = TechMonUITests.swift; sourceTree = "<group>"; };
		858C116E289A29350009A360 /* TechMonUITestsLaunchTests.swift */ = {isa = PBXFileReference; lastKnownFileType = sourcecode.swift; path = TechMonUITestsLaunchTests.swift; sourceTree = "<group>"; };
		858C117D289A29980009A360 /* lobby.png */ = {isa = PBXFileReference; lastKnownFileType = image.png; path = lobby.png; sourceTree = "<group>"; };
		858C117E289A29980009A360 /* battlebg.png */ = {isa = PBXFileReference; lastKnownFileType = image.png; path = battlebg.png; sourceTree = "<group>"; };
		858C117F289A29980009A360 /* bgimage.jpg */ = {isa = PBXFileReference; lastKnownFileType = image.jpeg; path = bgimage.jpg; sourceTree = "<group>"; };
		858C1180289A29980009A360 /* waku.png */ = {isa = PBXFileReference; lastKnownFileType = image.png; path = waku.png; sourceTree = "<group>"; };
		858C1181289A29980009A360 /* gold_button.png */ = {isa = PBXFileReference; lastKnownFileType = image.png; path = gold_button.png; sourceTree = "<group>"; };
		858C1182289A29980009A360 /* yusya.png */ = {isa = PBXFileReference; lastKnownFileType = image.png; path = yusya.png; sourceTree = "<group>"; };
		858C1183289A29980009A360 /* monster.png */ = {isa = PBXFileReference; lastKnownFileType = image.png; path = monster.png; sourceTree = "<group>"; };
		858C1185289A29980009A360 /* TechMonManager.swift */ = {isa = PBXFileReference; fileEncoding = 4; lastKnownFileType = sourcecode.swift; path = TechMonManager.swift; sourceTree = "<group>"; };
		858C1186289A29980009A360 /* Character.swift */ = {isa = PBXFileReference; fileEncoding = 4; lastKnownFileType = sourcecode.swift; path = Character.swift; sourceTree = "<group>"; };
		858C1188289A29980009A360 /* SE_fanfare.mp3 */ = {isa = PBXFileReference; lastKnownFileType = audio.mp3; path = SE_fanfare.mp3; sourceTree = "<group>"; };
		858C1189289A29980009A360 /* BGM_battle001.mp3 */ = {isa = PBXFileReference; lastKnownFileType = audio.mp3; path = BGM_battle001.mp3; sourceTree = "<group>"; };
		858C118A289A29980009A360 /* SE_fire.mp3 */ = {isa = PBXFileReference; lastKnownFileType = audio.mp3; path = SE_fire.mp3; sourceTree = "<group>"; };
		858C118B289A29980009A360 /* SE_attack.mp3 */ = {isa = PBXFileReference; lastKnownFileType = audio.mp3; path = SE_attack.mp3; sourceTree = "<group>"; };
		858C118C289A29980009A360 /* SE_gameover.mp3 */ = {isa = PBXFileReference; lastKnownFileType = audio.mp3; path = SE_gameover.mp3; sourceTree = "<group>"; };
		858C118D289A29980009A360 /* SE_charge.mp3 */ = {isa = PBXFileReference; lastKnownFileType = audio.mp3; path = SE_charge.mp3; sourceTree = "<group>"; };
		858C118E289A29980009A360 /* lobby.mp3 */ = {isa = PBXFileReference; lastKnownFileType = audio.mp3; path = lobby.mp3; sourceTree = "<group>"; };
		858C1190289A29980009A360 /* misaki_gothic.ttf */ = {isa = PBXFileReference; lastKnownFileType = file; path = misaki_gothic.ttf; sourceTree = "<group>"; };
		858C11A2289D0BC60009A360 /* LobbyViewController.swift */ = {isa = PBXFileReference; lastKnownFileType = sourcecode.swift; path = LobbyViewController.swift; sourceTree = "<group>"; };
		858C11A4289D0CBD0009A360 /* BattleViewController.swift */ = {isa = PBXFileReference; lastKnownFileType = sourcecode.swift; path = BattleViewController.swift; sourceTree = "<group>"; };
		858C11A828A2124F0009A360 /* ViewController.swift */ = {isa = PBXFileReference; fileEncoding = 4; lastKnownFileType = sourcecode.swift; path = ViewController.swift; sourceTree = "<group>"; };
		858C11A928A2124F0009A360 /* Assets.xcassets */ = {isa = PBXFileReference; lastKnownFileType = folder.assetcatalog; path = Assets.xcassets; sourceTree = "<group>"; };
		858C11AA28A2124F0009A360 /* LobbyViewController.swift */ = {isa = PBXFileReference; fileEncoding = 4; lastKnownFileType = sourcecode.swift; path = LobbyViewController.swift; sourceTree = "<group>"; };
		858C11AC28A2124F0009A360 /* Base */ = {isa = PBXFileReference; lastKnownFileType = file.storyboard; name = Base; path = Base.lproj/LaunchScreen.storyboard; sourceTree = "<group>"; };
		858C11AE28A2124F0009A360 /* Base */ = {isa = PBXFileReference; lastKnownFileType = file.storyboard; name = Base; path = Base.lproj/Main.storyboard; sourceTree = "<group>"; };
		858C11B128A2124F0009A360 /* lobby.png */ = {isa = PBXFileReference; lastKnownFileType = image.png; path = lobby.png; sourceTree = "<group>"; };
		858C11B228A2124F0009A360 /* battlebg.png */ = {isa = PBXFileReference; lastKnownFileType = image.png; path = battlebg.png; sourceTree = "<group>"; };
		858C11B328A2124F0009A360 /* bgimage.jpg */ = {isa = PBXFileReference; lastKnownFileType = image.jpeg; path = bgimage.jpg; sourceTree = "<group>"; };
		858C11B428A2124F0009A360 /* waku.png */ = {isa = PBXFileReference; lastKnownFileType = image.png; path = waku.png; sourceTree = "<group>"; };
		858C11B528A2124F0009A360 /* gold_button.png */ = {isa = PBXFileReference; lastKnownFileType = image.png; path = gold_button.png; sourceTree = "<group>"; };
		858C11B628A2124F0009A360 /* yusya.png */ = {isa = PBXFileReference; lastKnownFileType = image.png; path = yusya.png; sourceTree = "<group>"; };
		858C11B728A2124F0009A360 /* monster.png */ = {isa = PBXFileReference; lastKnownFileType = image.png; path = monster.png; sourceTree = "<group>"; };
		858C11B928A2124F0009A360 /* TechMonManager.swift */ = {isa = PBXFileReference; fileEncoding = 4; lastKnownFileType = sourcecode.swift; path = TechMonManager.swift; sourceTree = "<group>"; };
		858C11BA28A2124F0009A360 /* Character.swift */ = {isa = PBXFileReference; fileEncoding = 4; lastKnownFileType = sourcecode.swift; path = Character.swift; sourceTree = "<group>"; };
		858C11BC28A2124F0009A360 /* SE_fanfare.mp3 */ = {isa = PBXFileReference; lastKnownFileType = audio.mp3; path = SE_fanfare.mp3; sourceTree = "<group>"; };
		858C11BD28A2124F0009A360 /* BGM_battle001.mp3 */ = {isa = PBXFileReference; lastKnownFileType = audio.mp3; path = BGM_battle001.mp3; sourceTree = "<group>"; };
		858C11BE28A2124F0009A360 /* SE_fire.mp3 */ = {isa = PBXFileReference; lastKnownFileType = audio.mp3; path = SE_fire.mp3; sourceTree = "<group>"; };
		858C11BF28A2124F0009A360 /* SE_attack.mp3 */ = {isa = PBXFileReference; lastKnownFileType = audio.mp3; path = SE_attack.mp3; sourceTree = "<group>"; };
		858C11C028A2124F0009A360 /* SE_gameover.mp3 */ = {isa = PBXFileReference; lastKnownFileType = audio.mp3; path = SE_gameover.mp3; sourceTree = "<group>"; };
		858C11C128A2124F0009A360 /* SE_charge.mp3 */ = {isa = PBXFileReference; lastKnownFileType = audio.mp3; path = SE_charge.mp3; sourceTree = "<group>"; };
		858C11C228A2124F0009A360 /* lobby.mp3 */ = {isa = PBXFileReference; lastKnownFileType = audio.mp3; path = lobby.mp3; sourceTree = "<group>"; };
		858C11C428A2124F0009A360 /* misaki_gothic.ttf */ = {isa = PBXFileReference; lastKnownFileType = file; path = misaki_gothic.ttf; sourceTree = "<group>"; };
		858C11C528A2124F0009A360 /* BattleViewController.swift */ = {isa = PBXFileReference; fileEncoding = 4; lastKnownFileType = sourcecode.swift; path = BattleViewController.swift; sourceTree = "<group>"; };
		858C11C628A2124F0009A360 /* AppDelegate.swift */ = {isa = PBXFileReference; fileEncoding = 4; lastKnownFileType = sourcecode.swift; path = AppDelegate.swift; sourceTree = "<group>"; };
		858C11C728A2124F0009A360 /* Info.plist */ = {isa = PBXFileReference; fileEncoding = 4; lastKnownFileType = text.plist.xml; path = Info.plist; sourceTree = "<group>"; };
		858C11C828A2124F0009A360 /* SceneDelegate.swift */ = {isa = PBXFileReference; fileEncoding = 4; lastKnownFileType = sourcecode.swift; path = SceneDelegate.swift; sourceTree = "<group>"; };
		858C11C928A2124F0009A360 /* TechMon.xcodeproj */ = {isa = PBXFileReference; lastKnownFileType = "wrapper.pb-project"; path = TechMon.xcodeproj; sourceTree = "<group>"; };
		858C11CD28A2124F0009A360 /* TechMonUITests.swift */ = {isa = PBXFileReference; fileEncoding = 4; lastKnownFileType = sourcecode.swift; path = TechMonUITests.swift; sourceTree = "<group>"; };
		858C11CE28A2124F0009A360 /* TechMonUITestsLaunchTests.swift */ = {isa = PBXFileReference; fileEncoding = 4; lastKnownFileType = sourcecode.swift; path = TechMonUITestsLaunchTests.swift; sourceTree = "<group>"; };
		858C11D028A2124F0009A360 /* TechMonTests.swift */ = {isa = PBXFileReference; fileEncoding = 4; lastKnownFileType = sourcecode.swift; path = TechMonTests.swift; sourceTree = "<group>"; };
/* End PBXFileReference section */

/* Begin PBXFrameworksBuildPhase section */
		858C1145289A29320009A360 /* Frameworks */ = {
			isa = PBXFrameworksBuildPhase;
			buildActionMask = 2147483647;
			files = (
			);
			runOnlyForDeploymentPostprocessing = 0;
		};
		858C115B289A29340009A360 /* Frameworks */ = {
			isa = PBXFrameworksBuildPhase;
			buildActionMask = 2147483647;
			files = (
			);
			runOnlyForDeploymentPostprocessing = 0;
		};
		858C1165289A29350009A360 /* Frameworks */ = {
			isa = PBXFrameworksBuildPhase;
			buildActionMask = 2147483647;
			files = (
			);
			runOnlyForDeploymentPostprocessing = 0;
		};
/* End PBXFrameworksBuildPhase section */

/* Begin PBXGroup section */
		858C113F289A29320009A360 = {
			isa = PBXGroup;
			children = (
				858C114A289A29320009A360 /* TechMon */,
				858C11A628A2124F0009A360 /* TechMon */,
				858C1161289A29340009A360 /* TechMonTests */,
				858C116B289A29350009A360 /* TechMonUITests */,
				858C1149289A29320009A360 /* Products */,
			);
			sourceTree = "<group>";
		};
		858C1149289A29320009A360 /* Products */ = {
			isa = PBXGroup;
			children = (
				858C1148289A29320009A360 /* TechMon.app */,
				858C115E289A29340009A360 /* TechMonTests.xctest */,
				858C1168289A29350009A360 /* TechMonUITests.xctest */,
			);
			name = Products;
			sourceTree = "<group>";
		};
		858C114A289A29320009A360 /* TechMon */ = {
			isa = PBXGroup;
			children = (
				858C117B289A29970009A360 /* TechMon_Resource */,
				858C114B289A29320009A360 /* AppDelegate.swift */,
				858C114D289A29320009A360 /* SceneDelegate.swift */,
				858C11A2289D0BC60009A360 /* LobbyViewController.swift */,
				858C11A4289D0CBD0009A360 /* BattleViewController.swift */,
				858C114F289A29320009A360 /* ViewController.swift */,
				858C1151289A29320009A360 /* Main.storyboard */,
				858C1154289A29340009A360 /* Assets.xcassets */,
				858C1156289A29340009A360 /* LaunchScreen.storyboard */,
				858C1159289A29340009A360 /* Info.plist */,
			);
			path = TechMon;
			sourceTree = "<group>";
		};
		858C1161289A29340009A360 /* TechMonTests */ = {
			isa = PBXGroup;
			children = (
				858C1162289A29340009A360 /* TechMonTests.swift */,
			);
			path = TechMonTests;
			sourceTree = "<group>";
		};
		858C116B289A29350009A360 /* TechMonUITests */ = {
			isa = PBXGroup;
			children = (
				858C116C289A29350009A360 /* TechMonUITests.swift */,
				858C116E289A29350009A360 /* TechMonUITestsLaunchTests.swift */,
			);
			path = TechMonUITests;
			sourceTree = "<group>";
		};
		858C117B289A29970009A360 /* TechMon_Resource */ = {
			isa = PBXGroup;
			children = (
				858C117C289A29980009A360 /* Images */,
				858C1184289A29980009A360 /* Models */,
				858C1187289A29980009A360 /* Sounds */,
				858C118F289A29980009A360 /* Fonts */,
			);
			path = TechMon_Resource;
			sourceTree = "<group>";
		};
		858C117C289A29980009A360 /* Images */ = {
			isa = PBXGroup;
			children = (
				858C117D289A29980009A360 /* lobby.png */,
				858C117E289A29980009A360 /* battlebg.png */,
				858C117F289A29980009A360 /* bgimage.jpg */,
				858C1180289A29980009A360 /* waku.png */,
				858C1181289A29980009A360 /* gold_button.png */,
				858C1182289A29980009A360 /* yusya.png */,
				858C1183289A29980009A360 /* monster.png */,
			);
			path = Images;
			sourceTree = "<group>";
		};
		858C1184289A29980009A360 /* Models */ = {
			isa = PBXGroup;
			children = (
				858C1185289A29980009A360 /* TechMonManager.swift */,
				858C1186289A29980009A360 /* Character.swift */,
			);
			path = Models;
			sourceTree = "<group>";
		};
		858C1187289A29980009A360 /* Sounds */ = {
			isa = PBXGroup;
			children = (
				858C1188289A29980009A360 /* SE_fanfare.mp3 */,
				858C1189289A29980009A360 /* BGM_battle001.mp3 */,
				858C118A289A29980009A360 /* SE_fire.mp3 */,
				858C118B289A29980009A360 /* SE_attack.mp3 */,
				858C118C289A29980009A360 /* SE_gameover.mp3 */,
				858C118D289A29980009A360 /* SE_charge.mp3 */,
				858C118E289A29980009A360 /* lobby.mp3 */,
			);
			path = Sounds;
			sourceTree = "<group>";
		};
		858C118F289A29980009A360 /* Fonts */ = {
			isa = PBXGroup;
			children = (
				858C1190289A29980009A360 /* misaki_gothic.ttf */,
			);
			path = Fonts;
			sourceTree = "<group>";
		};
		858C11A628A2124F0009A360 /* TechMon */ = {
			isa = PBXGroup;
			children = (
				858C11A728A2124F0009A360 /* TechMon */,
				858C11C928A2124F0009A360 /* TechMon.xcodeproj */,
				858C11CC28A2124F0009A360 /* TechMonUITests */,
				858C11CF28A2124F0009A360 /* TechMonTests */,
			);
			name = TechMon;
			sourceTree = "<group>";
		};
		858C11A728A2124F0009A360 /* TechMon */ = {
			isa = PBXGroup;
			children = (
				858C11A828A2124F0009A360 /* ViewController.swift */,
				858C11A928A2124F0009A360 /* Assets.xcassets */,
				858C11AA28A2124F0009A360 /* LobbyViewController.swift */,
				858C11AB28A2124F0009A360 /* LaunchScreen.storyboard */,
				858C11AD28A2124F0009A360 /* Main.storyboard */,
				858C11AF28A2124F0009A360 /* TechMon_Resource */,
				858C11C528A2124F0009A360 /* BattleViewController.swift */,
				858C11C628A2124F0009A360 /* AppDelegate.swift */,
				858C11C728A2124F0009A360 /* Info.plist */,
				858C11C828A2124F0009A360 /* SceneDelegate.swift */,
			);
			path = TechMon;
			sourceTree = "<group>";
		};
		858C11AF28A2124F0009A360 /* TechMon_Resource */ = {
			isa = PBXGroup;
			children = (
				858C11B028A2124F0009A360 /* Images */,
				858C11B828A2124F0009A360 /* Models */,
				858C11BB28A2124F0009A360 /* Sounds */,
				858C11C328A2124F0009A360 /* Fonts */,
			);
			path = TechMon_Resource;
			sourceTree = "<group>";
		};
		858C11B028A2124F0009A360 /* Images */ = {
			isa = PBXGroup;
			children = (
				858C11B128A2124F0009A360 /* lobby.png */,
				858C11B228A2124F0009A360 /* battlebg.png */,
				858C11B328A2124F0009A360 /* bgimage.jpg */,
				858C11B428A2124F0009A360 /* waku.png */,
				858C11B528A2124F0009A360 /* gold_button.png */,
				858C11B628A2124F0009A360 /* yusya.png */,
				858C11B728A2124F0009A360 /* monster.png */,
			);
			path = Images;
			sourceTree = "<group>";
		};
		858C11B828A2124F0009A360 /* Models */ = {
			isa = PBXGroup;
			children = (
				858C11B928A2124F0009A360 /* TechMonManager.swift */,
				858C11BA28A2124F0009A360 /* Character.swift */,
			);
			path = Models;
			sourceTree = "<group>";
		};
		858C11BB28A2124F0009A360 /* Sounds */ = {
			isa = PBXGroup;
			children = (
				858C11BC28A2124F0009A360 /* SE_fanfare.mp3 */,
				858C11BD28A2124F0009A360 /* BGM_battle001.mp3 */,
				858C11BE28A2124F0009A360 /* SE_fire.mp3 */,
				858C11BF28A2124F0009A360 /* SE_attack.mp3 */,
				858C11C028A2124F0009A360 /* SE_gameover.mp3 */,
				858C11C128A2124F0009A360 /* SE_charge.mp3 */,
				858C11C228A2124F0009A360 /* lobby.mp3 */,
			);
			path = Sounds;
			sourceTree = "<group>";
		};
		858C11C328A2124F0009A360 /* Fonts */ = {
			isa = PBXGroup;
			children = (
				858C11C428A2124F0009A360 /* misaki_gothic.ttf */,
			);
			path = Fonts;
			sourceTree = "<group>";
		};
		858C11CA28A2124F0009A360 /* Products */ = {
			isa = PBXGroup;
			name = Products;
			sourceTree = "<group>";
		};
		858C11CC28A2124F0009A360 /* TechMonUITests */ = {
			isa = PBXGroup;
			children = (
				858C11CD28A2124F0009A360 /* TechMonUITests.swift */,
				858C11CE28A2124F0009A360 /* TechMonUITestsLaunchTests.swift */,
			);
			path = TechMonUITests;
			sourceTree = "<group>";
		};
		858C11CF28A2124F0009A360 /* TechMonTests */ = {
			isa = PBXGroup;
			children = (
				858C11D028A2124F0009A360 /* TechMonTests.swift */,
			);
			path = TechMonTests;
			sourceTree = "<group>";
		};
/* End PBXGroup section */

/* Begin PBXNativeTarget section */
		858C1147289A29320009A360 /* TechMon */ = {
			isa = PBXNativeTarget;
			buildConfigurationList = 858C1172289A29350009A360 /* Build configuration list for PBXNativeTarget "TechMon" */;
			buildPhases = (
				858C1144289A29320009A360 /* Sources */,
				858C1145289A29320009A360 /* Frameworks */,
				858C1146289A29320009A360 /* Resources */,
			);
			buildRules = (
			);
			dependencies = (
			);
			name = TechMon;
			productName = TechMon;
			productReference = 858C1148289A29320009A360 /* TechMon.app */;
			productType = "com.apple.product-type.application";
		};
		858C115D289A29340009A360 /* TechMonTests */ = {
			isa = PBXNativeTarget;
			buildConfigurationList = 858C1175289A29350009A360 /* Build configuration list for PBXNativeTarget "TechMonTests" */;
			buildPhases = (
				858C115A289A29340009A360 /* Sources */,
				858C115B289A29340009A360 /* Frameworks */,
				858C115C289A29340009A360 /* Resources */,
			);
			buildRules = (
			);
			dependencies = (
				858C1160289A29340009A360 /* PBXTargetDependency */,
			);
			name = TechMonTests;
			productName = TechMonTests;
			productReference = 858C115E289A29340009A360 /* TechMonTests.xctest */;
			productType = "com.apple.product-type.bundle.unit-test";
		};
		858C1167289A29350009A360 /* TechMonUITests */ = {
			isa = PBXNativeTarget;
			buildConfigurationList = 858C1178289A29350009A360 /* Build configuration list for PBXNativeTarget "TechMonUITests" */;
			buildPhases = (
				858C1164289A29350009A360 /* Sources */,
				858C1165289A29350009A360 /* Frameworks */,
				858C1166289A29350009A360 /* Resources */,
			);
			buildRules = (
			);
			dependencies = (
				858C116A289A29350009A360 /* PBXTargetDependency */,
			);
			name = TechMonUITests;
			productName = TechMonUITests;
			productReference = 858C1168289A29350009A360 /* TechMonUITests.xctest */;
			productType = "com.apple.product-type.bundle.ui-testing";
		};
/* End PBXNativeTarget section */

/* Begin PBXProject section */
		858C1140289A29320009A360 /* Project object */ = {
			isa = PBXProject;
			attributes = {
				BuildIndependentTargetsInParallel = 1;
				LastSwiftUpdateCheck = 1330;
				LastUpgradeCheck = 1330;
				TargetAttributes = {
					858C1147289A29320009A360 = {
						CreatedOnToolsVersion = 13.3.1;
					};
					858C115D289A29340009A360 = {
						CreatedOnToolsVersion = 13.3.1;
						TestTargetID = 858C1147289A29320009A360;
					};
					858C1167289A29350009A360 = {
						CreatedOnToolsVersion = 13.3.1;
						TestTargetID = 858C1147289A29320009A360;
					};
				};
			};
			buildConfigurationList = 858C1143289A29320009A360 /* Build configuration list for PBXProject "TechMon" */;
			compatibilityVersion = "Xcode 13.0";
			developmentRegion = en;
			hasScannedForEncodings = 0;
			knownRegions = (
				en,
				Base,
			);
			mainGroup = 858C113F289A29320009A360;
			productRefGroup = 858C1149289A29320009A360 /* Products */;
			projectDirPath = "";
			projectReferences = (
				{
					ProductGroup = 858C11CA28A2124F0009A360 /* Products */;
					ProjectRef = 858C11C928A2124F0009A360 /* TechMon.xcodeproj */;
				},
			);
			projectRoot = "";
			targets = (
				858C1147289A29320009A360 /* TechMon */,
				858C115D289A29340009A360 /* TechMonTests */,
				858C1167289A29350009A360 /* TechMonUITests */,
			);
		};
/* End PBXProject section */

/* Begin PBXResourcesBuildPhase section */
		858C1146289A29320009A360 /* Resources */ = {
			isa = PBXResourcesBuildPhase;
			buildActionMask = 2147483647;
			files = (
				858C11DF28A212500009A360 /* SE_fanfare.mp3 in Resources */,
				858C11D528A212500009A360 /* Main.storyboard in Resources */,
				858C11D928A212500009A360 /* waku.png in Resources */,
				858C11E028A212500009A360 /* BGM_battle001.mp3 in Resources */,
				858C11E428A212500009A360 /* SE_charge.mp3 in Resources */,
				858C1196289A29980009A360 /* yusya.png in Resources */,
				858C1193289A29980009A360 /* bgimage.jpg in Resources */,
				858C1194289A29980009A360 /* waku.png in Resources */,
				858C11D228A212500009A360 /* Assets.xcassets in Resources */,
				858C119A289A29980009A360 /* SE_fanfare.mp3 in Resources */,
				858C11D828A212500009A360 /* bgimage.jpg in Resources */,
				858C1191289A29980009A360 /* lobby.png in Resources */,
				858C11DB28A212500009A360 /* yusya.png in Resources */,
				858C1195289A29980009A360 /* gold_button.png in Resources */,
				858C119D289A29980009A360 /* SE_attack.mp3 in Resources */,
				858C1158289A29340009A360 /* LaunchScreen.storyboard in Resources */,
				858C11A0289A29980009A360 /* lobby.mp3 in Resources */,
				858C1155289A29340009A360 /* Assets.xcassets in Resources */,
				858C11D728A212500009A360 /* battlebg.png in Resources */,
				858C11E128A212500009A360 /* SE_fire.mp3 in Resources */,
				858C11E928A212500009A360 /* Info.plist in Resources */,
				858C11A1289A29980009A360 /* misaki_gothic.ttf in Resources */,
				858C119E289A29980009A360 /* SE_gameover.mp3 in Resources */,
				858C11D628A212500009A360 /* lobby.png in Resources */,
				858C11D428A212500009A360 /* LaunchScreen.storyboard in Resources */,
				858C1192289A29980009A360 /* battlebg.png in Resources */,
				858C11E328A212500009A360 /* SE_gameover.mp3 in Resources */,
				858C119B289A29980009A360 /* BGM_battle001.mp3 in Resources */,
				858C11DA28A212500009A360 /* gold_button.png in Resources */,
				858C11E628A212500009A360 /* misaki_gothic.ttf in Resources */,
				858C11E228A212500009A360 /* SE_attack.mp3 in Resources */,
				858C11E528A212500009A360 /* lobby.mp3 in Resources */,
				858C119F289A29980009A360 /* SE_charge.mp3 in Resources */,
				858C119C289A29980009A360 /* SE_fire.mp3 in Resources */,
				858C1197289A29980009A360 /* monster.png in Resources */,
				858C11DC28A212500009A360 /* monster.png in Resources */,
				858C1153289A29320009A360 /* Main.storyboard in Resources */,
			);
			runOnlyForDeploymentPostprocessing = 0;
		};
		858C115C289A29340009A360 /* Resources */ = {
			isa = PBXResourcesBuildPhase;
			buildActionMask = 2147483647;
			files = (
			);
			runOnlyForDeploymentPostprocessing = 0;
		};
		858C1166289A29350009A360 /* Resources */ = {
			isa = PBXResourcesBuildPhase;
			buildActionMask = 2147483647;
			files = (
			);
			runOnlyForDeploymentPostprocessing = 0;
		};
/* End PBXResourcesBuildPhase section */

/* Begin PBXSourcesBuildPhase section */
		858C1144289A29320009A360 /* Sources */ = {
			isa = PBXSourcesBuildPhase;
			buildActionMask = 2147483647;
			files = (
				858C11E728A212500009A360 /* BattleViewController.swift in Sources */,
				858C11EA28A212500009A360 /* SceneDelegate.swift in Sources */,
				858C11A5289D0CBD0009A360 /* BattleViewController.swift in Sources */,
				858C1198289A29980009A360 /* TechMonManager.swift in Sources */,
				858C11ED28A212500009A360 /* TechMonTests.swift in Sources */,
				858C11DE28A212500009A360 /* Character.swift in Sources */,
				858C11DD28A212500009A360 /* TechMonManager.swift in Sources */,
				858C1150289A29320009A360 /* ViewController.swift in Sources */,
				858C11EC28A212500009A360 /* TechMonUITestsLaunchTests.swift in Sources */,
				858C1199289A29980009A360 /* Character.swift in Sources */,
				858C11A3289D0BC60009A360 /* LobbyViewController.swift in Sources */,
				858C11EB28A212500009A360 /* TechMonUITests.swift in Sources */,
				858C11E828A212500009A360 /* AppDelegate.swift in Sources */,
				858C114C289A29320009A360 /* AppDelegate.swift in Sources */,
				858C11D328A212500009A360 /* LobbyViewController.swift in Sources */,
				858C11D128A212500009A360 /* ViewController.swift in Sources */,
				858C114E289A29320009A360 /* SceneDelegate.swift in Sources */,
			);
			runOnlyForDeploymentPostprocessing = 0;
		};
		858C115A289A29340009A360 /* Sources */ = {
			isa = PBXSourcesBuildPhase;
			buildActionMask = 2147483647;
			files = (
				858C1163289A29340009A360 /* TechMonTests.swift in Sources */,
			);
			runOnlyForDeploymentPostprocessing = 0;
		};
		858C1164289A29350009A360 /* Sources */ = {
			isa = PBXSourcesBuildPhase;
			buildActionMask = 2147483647;
			files = (
				858C116D289A29350009A360 /* TechMonUITests.swift in Sources */,
				858C116F289A29350009A360 /* TechMonUITestsLaunchTests.swift in Sources */,
			);
			runOnlyForDeploymentPostprocessing = 0;
		};
/* End PBXSourcesBuildPhase section */

/* Begin PBXTargetDependency section */
		858C1160289A29340009A360 /* PBXTargetDependency */ = {
			isa = PBXTargetDependency;
			target = 858C1147289A29320009A360 /* TechMon */;
			targetProxy = 858C115F289A29340009A360 /* PBXContainerItemProxy */;
		};
		858C116A289A29350009A360 /* PBXTargetDependency */ = {
			isa = PBXTargetDependency;
			target = 858C1147289A29320009A360 /* TechMon */;
			targetProxy = 858C1169289A29350009A360 /* PBXContainerItemProxy */;
		};
/* End PBXTargetDependency section */

/* Begin PBXVariantGroup section */
		858C1151289A29320009A360 /* Main.storyboard */ = {
			isa = PBXVariantGroup;
			children = (
				858C1152289A29320009A360 /* Base */,
			);
			name = Main.storyboard;
			sourceTree = "<group>";
		};
		858C1156289A29340009A360 /* LaunchScreen.storyboard */ = {
			isa = PBXVariantGroup;
			children = (
				858C1157289A29340009A360 /* Base */,
			);
			name = LaunchScreen.storyboard;
			sourceTree = "<group>";
		};
		858C11AB28A2124F0009A360 /* LaunchScreen.storyboard */ = {
			isa = PBXVariantGroup;
			children = (
				858C11AC28A2124F0009A360 /* Base */,
			);
			name = LaunchScreen.storyboard;
			sourceTree = "<group>";
		};
		858C11AD28A2124F0009A360 /* Main.storyboard */ = {
			isa = PBXVariantGroup;
			children = (
				858C11AE28A2124F0009A360 /* Base */,
			);
			name = Main.storyboard;
			sourceTree = "<group>";
		};
/* End PBXVariantGroup section */

/* Begin XCBuildConfiguration section */
		858C1170289A29350009A360 /* Debug */ = {
			isa = XCBuildConfiguration;
			buildSettings = {
				ALWAYS_SEARCH_USER_PATHS = NO;
				CLANG_ANALYZER_NONNULL = YES;
				CLANG_ANALYZER_NUMBER_OBJECT_CONVERSION = YES_AGGRESSIVE;
				CLANG_CXX_LANGUAGE_STANDARD = "gnu++17";
				CLANG_ENABLE_MODULES = YES;
				CLANG_ENABLE_OBJC_ARC = YES;
				CLANG_ENABLE_OBJC_WEAK = YES;
				CLANG_WARN_BLOCK_CAPTURE_AUTORELEASING = YES;
				CLANG_WARN_BOOL_CONVERSION = YES;
				CLANG_WARN_COMMA = YES;
				CLANG_WARN_CONSTANT_CONVERSION = YES;
				CLANG_WARN_DEPRECATED_OBJC_IMPLEMENTATIONS = YES;
				CLANG_WARN_DIRECT_OBJC_ISA_USAGE = YES_ERROR;
				CLANG_WARN_DOCUMENTATION_COMMENTS = YES;
				CLANG_WARN_EMPTY_BODY = YES;
				CLANG_WARN_ENUM_CONVERSION = YES;
				CLANG_WARN_INFINITE_RECURSION = YES;
				CLANG_WARN_INT_CONVERSION = YES;
				CLANG_WARN_NON_LITERAL_NULL_CONVERSION = YES;
				CLANG_WARN_OBJC_IMPLICIT_RETAIN_SELF = YES;
				CLANG_WARN_OBJC_LITERAL_CONVERSION = YES;
				CLANG_WARN_OBJC_ROOT_CLASS = YES_ERROR;
				CLANG_WARN_QUOTED_INCLUDE_IN_FRAMEWORK_HEADER = YES;
				CLANG_WARN_RANGE_LOOP_ANALYSIS = YES;
				CLANG_WARN_STRICT_PROTOTYPES = YES;
				CLANG_WARN_SUSPICIOUS_MOVE = YES;
				CLANG_WARN_UNGUARDED_AVAILABILITY = YES_AGGRESSIVE;
				CLANG_WARN_UNREACHABLE_CODE = YES;
				CLANG_WARN__DUPLICATE_METHOD_MATCH = YES;
				COPY_PHASE_STRIP = NO;
				DEBUG_INFORMATION_FORMAT = dwarf;
				ENABLE_STRICT_OBJC_MSGSEND = YES;
				ENABLE_TESTABILITY = YES;
				GCC_C_LANGUAGE_STANDARD = gnu11;
				GCC_DYNAMIC_NO_PIC = NO;
				GCC_NO_COMMON_BLOCKS = YES;
				GCC_OPTIMIZATION_LEVEL = 0;
				GCC_PREPROCESSOR_DEFINITIONS = (
					"DEBUG=1",
					"$(inherited)",
				);
				GCC_WARN_64_TO_32_BIT_CONVERSION = YES;
				GCC_WARN_ABOUT_RETURN_TYPE = YES_ERROR;
				GCC_WARN_UNDECLARED_SELECTOR = YES;
				GCC_WARN_UNINITIALIZED_AUTOS = YES_AGGRESSIVE;
				GCC_WARN_UNUSED_FUNCTION = YES;
				GCC_WARN_UNUSED_VARIABLE = YES;
				IPHONEOS_DEPLOYMENT_TARGET = 15.4;
				MTL_ENABLE_DEBUG_INFO = INCLUDE_SOURCE;
				MTL_FAST_MATH = YES;
				ONLY_ACTIVE_ARCH = YES;
				SDKROOT = iphoneos;
				SWIFT_ACTIVE_COMPILATION_CONDITIONS = DEBUG;
				SWIFT_OPTIMIZATION_LEVEL = "-Onone";
			};
			name = Debug;
		};
		858C1171289A29350009A360 /* Release */ = {
			isa = XCBuildConfiguration;
			buildSettings = {
				ALWAYS_SEARCH_USER_PATHS = NO;
				CLANG_ANALYZER_NONNULL = YES;
				CLANG_ANALYZER_NUMBER_OBJECT_CONVERSION = YES_AGGRESSIVE;
				CLANG_CXX_LANGUAGE_STANDARD = "gnu++17";
				CLANG_ENABLE_MODULES = YES;
				CLANG_ENABLE_OBJC_ARC = YES;
				CLANG_ENABLE_OBJC_WEAK = YES;
				CLANG_WARN_BLOCK_CAPTURE_AUTORELEASING = YES;
				CLANG_WARN_BOOL_CONVERSION = YES;
				CLANG_WARN_COMMA = YES;
				CLANG_WARN_CONSTANT_CONVERSION = YES;
				CLANG_WARN_DEPRECATED_OBJC_IMPLEMENTATIONS = YES;
				CLANG_WARN_DIRECT_OBJC_ISA_USAGE = YES_ERROR;
				CLANG_WARN_DOCUMENTATION_COMMENTS = YES;
				CLANG_WARN_EMPTY_BODY = YES;
				CLANG_WARN_ENUM_CONVERSION = YES;
				CLANG_WARN_INFINITE_RECURSION = YES;
				CLANG_WARN_INT_CONVERSION = YES;
				CLANG_WARN_NON_LITERAL_NULL_CONVERSION = YES;
				CLANG_WARN_OBJC_IMPLICIT_RETAIN_SELF = YES;
				CLANG_WARN_OBJC_LITERAL_CONVERSION = YES;
				CLANG_WARN_OBJC_ROOT_CLASS = YES_ERROR;
				CLANG_WARN_QUOTED_INCLUDE_IN_FRAMEWORK_HEADER = YES;
				CLANG_WARN_RANGE_LOOP_ANALYSIS = YES;
				CLANG_WARN_STRICT_PROTOTYPES = YES;
				CLANG_WARN_SUSPICIOUS_MOVE = YES;
				CLANG_WARN_UNGUARDED_AVAILABILITY = YES_AGGRESSIVE;
				CLANG_WARN_UNREACHABLE_CODE = YES;
				CLANG_WARN__DUPLICATE_METHOD_MATCH = YES;
				COPY_PHASE_STRIP = NO;
				DEBUG_INFORMATION_FORMAT = "dwarf-with-dsym";
				ENABLE_NS_ASSERTIONS = NO;
				ENABLE_STRICT_OBJC_MSGSEND = YES;
				GCC_C_LANGUAGE_STANDARD = gnu11;
				GCC_NO_COMMON_BLOCKS = YES;
				GCC_WARN_64_TO_32_BIT_CONVERSION = YES;
				GCC_WARN_ABOUT_RETURN_TYPE = YES_ERROR;
				GCC_WARN_UNDECLARED_SELECTOR = YES;
				GCC_WARN_UNINITIALIZED_AUTOS = YES_AGGRESSIVE;
				GCC_WARN_UNUSED_FUNCTION = YES;
				GCC_WARN_UNUSED_VARIABLE = YES;
				IPHONEOS_DEPLOYMENT_TARGET = 15.4;
				MTL_ENABLE_DEBUG_INFO = NO;
				MTL_FAST_MATH = YES;
				SDKROOT = iphoneos;
				SWIFT_COMPILATION_MODE = wholemodule;
				SWIFT_OPTIMIZATION_LEVEL = "-O";
				VALIDATE_PRODUCT = YES;
			};
			name = Release;
		};
		858C1173289A29350009A360 /* Debug */ = {
			isa = XCBuildConfiguration;
			buildSettings = {
				ASSETCATALOG_COMPILER_APPICON_NAME = AppIcon;
				ASSETCATALOG_COMPILER_GLOBAL_ACCENT_COLOR_NAME = AccentColor;
				CODE_SIGN_STYLE = Automatic;
				CURRENT_PROJECT_VERSION = 1;
				GENERATE_INFOPLIST_FILE = YES;
				INFOPLIST_FILE = TechMon/Info.plist;
				INFOPLIST_KEY_UIApplicationSupportsIndirectInputEvents = YES;
				INFOPLIST_KEY_UILaunchStoryboardName = LaunchScreen;
				INFOPLIST_KEY_UIMainStoryboardFile = Main;
				INFOPLIST_KEY_UISupportedInterfaceOrientations_iPad = "UIInterfaceOrientationPortrait UIInterfaceOrientationPortraitUpsideDown UIInterfaceOrientationLandscapeLeft UIInterfaceOrientationLandscapeRight";
				INFOPLIST_KEY_UISupportedInterfaceOrientations_iPhone = "UIInterfaceOrientationPortrait UIInterfaceOrientationLandscapeLeft UIInterfaceOrientationLandscapeRight";
				LD_RUNPATH_SEARCH_PATHS = (
					"$(inherited)",
					"@executable_path/Frameworks",
				);
				MARKETING_VERSION = 1.0;
				PRODUCT_BUNDLE_IDENTIFIER = com.lifeistech.TechMon;
				PRODUCT_NAME = "$(TARGET_NAME)";
				SWIFT_EMIT_LOC_STRINGS = YES;
				SWIFT_VERSION = 5.0;
				TARGETED_DEVICE_FAMILY = "1,2";
			};
			name = Debug;
		};
		858C1174289A29350009A360 /* Release */ = {
			isa = XCBuildConfiguration;
			buildSettings = {
				ASSETCATALOG_COMPILER_APPICON_NAME = AppIcon;
				ASSETCATALOG_COMPILER_GLOBAL_ACCENT_COLOR_NAME = AccentColor;
				CODE_SIGN_STYLE = Automatic;
				CURRENT_PROJECT_VERSION = 1;
				GENERATE_INFOPLIST_FILE = YES;
				INFOPLIST_FILE = TechMon/Info.plist;
				INFOPLIST_KEY_UIApplicationSupportsIndirectInputEvents = YES;
				INFOPLIST_KEY_UILaunchStoryboardName = LaunchScreen;
				INFOPLIST_KEY_UIMainStoryboardFile = Main;
				INFOPLIST_KEY_UISupportedInterfaceOrientations_iPad = "UIInterfaceOrientationPortrait UIInterfaceOrientationPortraitUpsideDown UIInterfaceOrientationLandscapeLeft UIInterfaceOrientationLandscapeRight";
				INFOPLIST_KEY_UISupportedInterfaceOrientations_iPhone = "UIInterfaceOrientationPortrait UIInterfaceOrientationLandscapeLeft UIInterfaceOrientationLandscapeRight";
				LD_RUNPATH_SEARCH_PATHS = (
					"$(inherited)",
					"@executable_path/Frameworks",
				);
				MARKETING_VERSION = 1.0;
				PRODUCT_BUNDLE_IDENTIFIER = com.lifeistech.TechMon;
				PRODUCT_NAME = "$(TARGET_NAME)";
				SWIFT_EMIT_LOC_STRINGS = YES;
				SWIFT_VERSION = 5.0;
				TARGETED_DEVICE_FAMILY = "1,2";
			};
			name = Release;
		};
		858C1176289A29350009A360 /* Debug */ = {
			isa = XCBuildConfiguration;
			buildSettings = {
				ALWAYS_EMBED_SWIFT_STANDARD_LIBRARIES = YES;
				BUNDLE_LOADER = "$(TEST_HOST)";
				CODE_SIGN_STYLE = Automatic;
				CURRENT_PROJECT_VERSION = 1;
				GENERATE_INFOPLIST_FILE = YES;
				IPHONEOS_DEPLOYMENT_TARGET = 15.4;
				MARKETING_VERSION = 1.0;
				PRODUCT_BUNDLE_IDENTIFIER = com.lifeistech.TechMonTests;
				PRODUCT_NAME = "$(TARGET_NAME)";
				SWIFT_EMIT_LOC_STRINGS = NO;
				SWIFT_VERSION = 5.0;
				TARGETED_DEVICE_FAMILY = "1,2";
				TEST_HOST = "$(BUILT_PRODUCTS_DIR)/TechMon.app/TechMon";
			};
			name = Debug;
		};
		858C1177289A29350009A360 /* Release */ = {
			isa = XCBuildConfiguration;
			buildSettings = {
				ALWAYS_EMBED_SWIFT_STANDARD_LIBRARIES = YES;
				BUNDLE_LOADER = "$(TEST_HOST)";
				CODE_SIGN_STYLE = Automatic;
				CURRENT_PROJECT_VERSION = 1;
				GENERATE_INFOPLIST_FILE = YES;
				IPHONEOS_DEPLOYMENT_TARGET = 15.4;
				MARKETING_VERSION = 1.0;
				PRODUCT_BUNDLE_IDENTIFIER = com.lifeistech.TechMonTests;
				PRODUCT_NAME = "$(TARGET_NAME)";
				SWIFT_EMIT_LOC_STRINGS = NO;
				SWIFT_VERSION = 5.0;
				TARGETED_DEVICE_FAMILY = "1,2";
				TEST_HOST = "$(BUILT_PRODUCTS_DIR)/TechMon.app/TechMon";
			};
			name = Release;
		};
		858C1179289A29350009A360 /* Debug */ = {
			isa = XCBuildConfiguration;
			buildSettings = {
				ALWAYS_EMBED_SWIFT_STANDARD_LIBRARIES = YES;
				CODE_SIGN_STYLE = Automatic;
				CURRENT_PROJECT_VERSION = 1;
				GENERATE_INFOPLIST_FILE = YES;
				MARKETING_VERSION = 1.0;
				PRODUCT_BUNDLE_IDENTIFIER = com.lifeistech.TechMonUITests;
				PRODUCT_NAME = "$(TARGET_NAME)";
				SWIFT_EMIT_LOC_STRINGS = NO;
				SWIFT_VERSION = 5.0;
				TARGETED_DEVICE_FAMILY = "1,2";
				TEST_TARGET_NAME = TechMon;
			};
			name = Debug;
		};
		858C117A289A29350009A360 /* Release */ = {
			isa = XCBuildConfiguration;
			buildSettings = {
				ALWAYS_EMBED_SWIFT_STANDARD_LIBRARIES = YES;
				CODE_SIGN_STYLE = Automatic;
				CURRENT_PROJECT_VERSION = 1;
				GENERATE_INFOPLIST_FILE = YES;
				MARKETING_VERSION = 1.0;
				PRODUCT_BUNDLE_IDENTIFIER = com.lifeistech.TechMonUITests;
				PRODUCT_NAME = "$(TARGET_NAME)";
				SWIFT_EMIT_LOC_STRINGS = NO;
				SWIFT_VERSION = 5.0;
				TARGETED_DEVICE_FAMILY = "1,2";
				TEST_TARGET_NAME = TechMon;
			};
			name = Release;
		};
/* End XCBuildConfiguration section */

/* Begin XCConfigurationList section */
		858C1143289A29320009A360 /* Build configuration list for PBXProject "TechMon" */ = {
			isa = XCConfigurationList;
			buildConfigurations = (
				858C1170289A29350009A360 /* Debug */,
				858C1171289A29350009A360 /* Release */,
			);
			defaultConfigurationIsVisible = 0;
			defaultConfigurationName = Release;
		};
		858C1172289A29350009A360 /* Build configuration list for PBXNativeTarget "TechMon" */ = {
			isa = XCConfigurationList;
			buildConfigurations = (
				858C1173289A29350009A360 /* Debug */,
				858C1174289A29350009A360 /* Release */,
			);
			defaultConfigurationIsVisible = 0;
			defaultConfigurationName = Release;
		};
		858C1175289A29350009A360 /* Build configuration list for PBXNativeTarget "TechMonTests" */ = {
			isa = XCConfigurationList;
			buildConfigurations = (
				858C1176289A29350009A360 /* Debug */,
				858C1177289A29350009A360 /* Release */,
			);
			defaultConfigurationIsVisible = 0;
			defaultConfigurationName = Release;
		};
		858C1178289A29350009A360 /* Build configuration list for PBXNativeTarget "TechMonUITests" */ = {
			isa = XCConfigurationList;
			buildConfigurations = (
				858C1179289A29350009A360 /* Debug */,
				858C117A289A29350009A360 /* Release */,
			);
			defaultConfigurationIsVisible = 0;
			defaultConfigurationName = Release;
		};
/* End XCConfigurationList section */
	};
	rootObject = 858C1140289A29320009A360 /* Project object */;
}
